
Microsoft Visual Studio Solution File, Format Version 12.00
# Visual Studio 14
VisualStudioVersion = 14.0.22823.1
MinimumVisualStudioVersion = 10.0.40219.1
Project("{FAE04EC0-301F-11D3-BF4B-00C04F79EFBC}") = "createClass", "createClass\createClass.csproj", "{0965DB40-2EFB-4770-9FA4-305E23E68001}"
EndProject
Global
	GlobalSection(SolutionConfigurationPlatforms) = preSolution
		Debug|Any CPU = Debug|Any CPU
		Release|Any CPU = Release|Any CPU
	EndGlobalSection
	GlobalSection(ProjectConfigurationPlatforms) = postSolution
		{0965DB40-2EFB-4770-9FA4-305E23E68001}.Debug|Any CPU.ActiveCfg = Debug|Any CPU
		{0965DB40-2EFB-4770-9FA4-305E23E68001}.Debug|Any CPU.Build.0 = Debug|Any CPU
		{0965DB40-2EFB-4770-9FA4-305E23E68001}.Release|Any CPU.ActiveCfg = Release|Any CPU
		{0965DB40-2EFB-4770-9FA4-305E23E68001}.Release|Any CPU.Build.0 = Release|Any CPU
	EndGlobalSection
	GlobalSection(SolutionProperties) = preSolution
		HideSolutionNode = FALSE
	EndGlobalSection
EndGlobal
